// !$*UTF8*$!
{
	archiveVersion = 1;
	classes = {
	};
	objectVersion = 56;
	objects = {

/* Begin PBXBuildFile section */
		F83420C62AB81F2D00808F88 /* Unity_Meeting_Log_GeneratorApp.swift in Sources */ = {isa = PBXBuildFile; fileRef = F83420C52AB81F2D00808F88 /* Unity_Meeting_Log_GeneratorApp.swift */; };
		F83420C82AB81F2D00808F88 /* ContentView.swift in Sources */ = {isa = PBXBuildFile; fileRef = F83420C72AB81F2D00808F88 /* ContentView.swift */; };
		F83420CA2AB81F2E00808F88 /* Assets.xcassets in Resources */ = {isa = PBXBuildFile; fileRef = F83420C92AB81F2E00808F88 /* Assets.xcassets */; };
		F83420CD2AB81F2E00808F88 /* Preview Assets.xcassets in Resources */ = {isa = PBXBuildFile; fileRef = F83420CC2AB81F2E00808F88 /* Preview Assets.xcassets */; };
/* End PBXBuildFile section */

/* Begin PBXFileReference section */
		F83420C22AB81F2D00808F88 /* Unity Meeting Log Generator.app */ = {isa = PBXFileReference; explicitFileType = wrapper.application; includeInIndex = 0; path = "Unity Meeting Log Generator.app"; sourceTree = BUILT_PRODUCTS_DIR; };
		F83420C52AB81F2D00808F88 /* Unity_Meeting_Log_GeneratorApp.swift */ = {isa = PBXFileReference; lastKnownFileType = sourcecode.swift; path = Unity_Meeting_Log_GeneratorApp.swift; sourceTree = "<group>"; };
		F83420C72AB81F2D00808F88 /* ContentView.swift */ = {isa = PBXFileReference; lastKnownFileType = sourcecode.swift; path = ContentView.swift; sourceTree = "<group>"; };
		F83420C92AB81F2E00808F88 /* Assets.xcassets */ = {isa = PBXFileReference; lastKnownFileType = folder.assetcatalog; path = Assets.xcassets; sourceTree = "<group>"; };
		F83420CC2AB81F2E00808F88 /* Preview Assets.xcassets */ = {isa = PBXFileReference; lastKnownFileType = folder.assetcatalog; path = "Preview Assets.xcassets"; sourceTree = "<group>"; };
		F83420CE2AB81F2E00808F88 /* Unity_Meeting_Log_Generator.entitlements */ = {isa = PBXFileReference; lastKnownFileType = text.plist.entitlements; path = Unity_Meeting_Log_Generator.entitlements; sourceTree = "<group>"; };
/* End PBXFileReference section */

/* Begin PBXFrameworksBuildPhase section */
		F83420BF2AB81F2D00808F88 /* Frameworks */ = {
			isa = PBXFrameworksBuildPhase;
			buildActionMask = 2147483647;
			files = (
			);
			runOnlyForDeploymentPostprocessing = 0;
		};
/* End PBXFrameworksBuildPhase section */

/* Begin PBXGroup section */
		F83420B92AB81F2D00808F88 = {
			isa = PBXGroup;
			children = (
				F83420C42AB81F2D00808F88 /* Unity Meeting Log Generator */,
				F83420C32AB81F2D00808F88 /* Products */,
			);
			sourceTree = "<group>";
		};
		F83420C32AB81F2D00808F88 /* Products */ = {
			isa = PBXGroup;
			children = (
				F83420C22AB81F2D00808F88 /* Unity Meeting Log Generator.app */,
			);
			name = Products;
			sourceTree = "<group>";
		};
		F83420C42AB81F2D00808F88 /* Unity Meeting Log Generator */ = {
			isa = PBXGroup;
			children = (
				F83420C52AB81F2D00808F88 /* Unity_Meeting_Log_GeneratorApp.swift */,
				F83420C72AB81F2D00808F88 /* ContentView.swift */,
				F83420C92AB81F2E00808F88 /* Assets.xcassets */,
				F83420CE2AB81F2E00808F88 /* Unity_Meeting_Log_Generator.entitlements */,
				F83420CB2AB81F2E00808F88 /* Preview Content */,
			);
			path = "Unity Meeting Log Generator";
			sourceTree = "<group>";
		};
		F83420CB2AB81F2E00808F88 /* Preview Content */ = {
			isa = PBXGroup;
			children = (
				F83420CC2AB81F2E00808F88 /* Preview Assets.xcassets */,
			);
			path = "Preview Content";
			sourceTree = "<group>";
		};
/* End PBXGroup section */

/* Begin PBXNativeTarget section */
		F83420C12AB81F2D00808F88 /* Unity Meeting Log Generator */ = {
			isa = PBXNativeTarget;
			buildConfigurationList = F83420D12AB81F2E00808F88 /* Build configuration list for PBXNativeTarget "Unity Meeting Log Generator" */;
			buildPhases = (
				F83420BE2AB81F2D00808F88 /* Sources */,
				F83420BF2AB81F2D00808F88 /* Frameworks */,
				F83420C02AB81F2D00808F88 /* Resources */,
			);
			buildRules = (
			);
			dependencies = (
			);
			name = "Unity Meeting Log Generator";
			productName = "Unity Meeting Log Generator";
			productReference = F83420C22AB81F2D00808F88 /* Unity Meeting Log Generator.app */;
			productType = "com.apple.product-type.application";
		};
/* End PBXNativeTarget section */

/* Begin PBXProject section */
		F83420BA2AB81F2D00808F88 /* Project object */ = {
			isa = PBXProject;
			attributes = {
				BuildIndependentTargetsInParallel = 1;
				LastSwiftUpdateCheck = 1430;
				LastUpgradeCheck = 1430;
				TargetAttributes = {
					F83420C12AB81F2D00808F88 = {
						CreatedOnToolsVersion = 14.3.1;
					};
				};
			};
			buildConfigurationList = F83420BD2AB81F2D00808F88 /* Build configuration list for PBXProject "Unity Meeting Log Generator" */;
			compatibilityVersion = "Xcode 14.0";
			developmentRegion = en;
			hasScannedForEncodings = 0;
			knownRegions = (
				en,
				Base,
			);
			mainGroup = F83420B92AB81F2D00808F88;
			productRefGroup = F83420C32AB81F2D00808F88 /* Products */;
			projectDirPath = "";
			projectRoot = "";
			targets = (
				F83420C12AB81F2D00808F88 /* Unity Meeting Log Generator */,
			);
		};
/* End PBXProject section */

/* Begin PBXResourcesBuildPhase section */
		F83420C02AB81F2D00808F88 /* Resources */ = {
			isa = PBXResourcesBuildPhase;
			buildActionMask = 2147483647;
			files = (
				F83420CD2AB81F2E00808F88 /* Preview Assets.xcassets in Resources */,
				F83420CA2AB81F2E00808F88 /* Assets.xcassets in Resources */,
			);
			runOnlyForDeploymentPostprocessing = 0;
		};
/* End PBXResourcesBuildPhase section */

/* Begin PBXSourcesBuildPhase section */
		F83420BE2AB81F2D00808F88 /* Sources */ = {
			isa = PBXSourcesBuildPhase;
			buildActionMask = 2147483647;
			files = (
				F83420C82AB81F2D00808F88 /* ContentView.swift in Sources */,
				F83420C62AB81F2D00808F88 /* Unity_Meeting_Log_GeneratorApp.swift in Sources */,
			);
			runOnlyForDeploymentPostprocessing = 0;
		};
/* End PBXSourcesBuildPhase section */

/* Begin XCBuildConfiguration section */
		F83420CF2AB81F2E00808F88 /* Debug */ = {
			isa = XCBuildConfiguration;
			buildSettings = {
				ALWAYS_SEARCH_USER_PATHS = NO;
				CLANG_ANALYZER_NONNULL = YES;
				CLANG_ANALYZER_NUMBER_OBJECT_CONVERSION = YES_AGGRESSIVE;
				CLANG_CXX_LANGUAGE_STANDARD = "gnu++20";
				CLANG_ENABLE_MODULES = YES;
				CLANG_ENABLE_OBJC_ARC = YES;
				CLANG_ENABLE_OBJC_WEAK = YES;
				CLANG_WARN_BLOCK_CAPTURE_AUTORELEASING = YES;
				CLANG_WARN_BOOL_CONVERSION = YES;
				CLANG_WARN_COMMA = YES;
				CLANG_WARN_CONSTANT_CONVERSION = YES;
				CLANG_WARN_DEPRECATED_OBJC_IMPLEMENTATIONS = YES;
				CLANG_WARN_DIRECT_OBJC_ISA_USAGE = YES_ERROR;
				CLANG_WARN_DOCUMENTATION_COMMENTS = YES;
				CLANG_WARN_EMPTY_BODY = YES;
				CLANG_WARN_ENUM_CONVERSION = YES;
				CLANG_WARN_INFINITE_RECURSION = YES;
				CLANG_WARN_INT_CONVERSION = YES;
				CLANG_WARN_NON_LITERAL_NULL_CONVERSION = YES;
				CLANG_WARN_OBJC_IMPLICIT_RETAIN_SELF = YES;
				CLANG_WARN_OBJC_LITERAL_CONVERSION = YES;
				CLANG_WARN_OBJC_ROOT_CLASS = YES_ERROR;
				CLANG_WARN_QUOTED_INCLUDE_IN_FRAMEWORK_HEADER = YES;
				CLANG_WARN_RANGE_LOOP_ANALYSIS = YES;
				CLANG_WARN_STRICT_PROTOTYPES = YES;
				CLANG_WARN_SUSPICIOUS_MOVE = YES;
				CLANG_WARN_UNGUARDED_AVAILABILITY = YES_AGGRESSIVE;
				CLANG_WARN_UNREACHABLE_CODE = YES;
				CLANG_WARN__DUPLICATE_METHOD_MATCH = YES;
				COPY_PHASE_STRIP = NO;
				DEBUG_INFORMATION_FORMAT = dwarf;
				ENABLE_STRICT_OBJC_MSGSEND = YES;
				ENABLE_TESTABILITY = YES;
				GCC_C_LANGUAGE_STANDARD = gnu11;
				GCC_DYNAMIC_NO_PIC = NO;
				GCC_NO_COMMON_BLOCKS = YES;
				GCC_OPTIMIZATION_LEVEL = 0;
				GCC_PREPROCESSOR_DEFINITIONS = (
					"DEBUG=1",
					"$(inherited)",
				);
				GCC_WARN_64_TO_32_BIT_CONVERSION = YES;
				GCC_WARN_ABOUT_RETURN_TYPE = YES_ERROR;
				GCC_WARN_UNDECLARED_SELECTOR = YES;
				GCC_WARN_UNINITIALIZED_AUTOS = YES_AGGRESSIVE;
				GCC_WARN_UNUSED_FUNCTION = YES;
				GCC_WARN_UNUSED_VARIABLE = YES;
				MACOSX_DEPLOYMENT_TARGET = 13.3;
				MTL_ENABLE_DEBUG_INFO = INCLUDE_SOURCE;
				MTL_FAST_MATH = YES;
				ONLY_ACTIVE_ARCH = YES;
				SDKROOT = macosx;
				SWIFT_ACTIVE_COMPILATION_CONDITIONS = DEBUG;
				SWIFT_OPTIMIZATION_LEVEL = "-Onone";
			};
			name = Debug;
		};
		F83420D02AB81F2E00808F88 /* Release */ = {
			isa = XCBuildConfiguration;
			buildSettings = {
				ALWAYS_SEARCH_USER_PATHS = NO;
				CLANG_ANALYZER_NONNULL = YES;
				CLANG_ANALYZER_NUMBER_OBJECT_CONVERSION = YES_AGGRESSIVE;
				CLANG_CXX_LANGUAGE_STANDARD = "gnu++20";
				CLANG_ENABLE_MODULES = YES;
				CLANG_ENABLE_OBJC_ARC = YES;
				CLANG_ENABLE_OBJC_WEAK = YES;
				CLANG_WARN_BLOCK_CAPTURE_AUTORELEASING = YES;
				CLANG_WARN_BOOL_CONVERSION = YES;
				CLANG_WARN_COMMA = YES;
				CLANG_WARN_CONSTANT_CONVERSION = YES;
				CLANG_WARN_DEPRECATED_OBJC_IMPLEMENTATIONS = YES;
				CLANG_WARN_DIRECT_OBJC_ISA_USAGE = YES_ERROR;
				CLANG_WARN_DOCUMENTATION_COMMENTS = YES;
				CLANG_WARN_EMPTY_BODY = YES;
				CLANG_WARN_ENUM_CONVERSION = YES;
				CLANG_WARN_INFINITE_RECURSION = YES;
				CLANG_WARN_INT_CONVERSION = YES;
				CLANG_WARN_NON_LITERAL_NULL_CONVERSION = YES;
				CLANG_WARN_OBJC_IMPLICIT_RETAIN_SELF = YES;
				CLANG_WARN_OBJC_LITERAL_CONVERSION = YES;
				CLANG_WARN_OBJC_ROOT_CLASS = YES_ERROR;
				CLANG_WARN_QUOTED_INCLUDE_IN_FRAMEWORK_HEADER = YES;
				CLANG_WARN_RANGE_LOOP_ANALYSIS = YES;
				CLANG_WARN_STRICT_PROTOTYPES = YES;
				CLANG_WARN_SUSPICIOUS_MOVE = YES;
				CLANG_WARN_UNGUARDED_AVAILABILITY = YES_AGGRESSIVE;
				CLANG_WARN_UNREACHABLE_CODE = YES;
				CLANG_WARN__DUPLICATE_METHOD_MATCH = YES;
				COPY_PHASE_STRIP = NO;
				DEBUG_INFORMATION_FORMAT = "dwarf-with-dsym";
				ENABLE_NS_ASSERTIONS = NO;
				ENABLE_STRICT_OBJC_MSGSEND = YES;
				GCC_C_LANGUAGE_STANDARD = gnu11;
				GCC_NO_COMMON_BLOCKS = YES;
				GCC_WARN_64_TO_32_BIT_CONVERSION = YES;
				GCC_WARN_ABOUT_RETURN_TYPE = YES_ERROR;
				GCC_WARN_UNDECLARED_SELECTOR = YES;
				GCC_WARN_UNINITIALIZED_AUTOS = YES_AGGRESSIVE;
				GCC_WARN_UNUSED_FUNCTION = YES;
				GCC_WARN_UNUSED_VARIABLE = YES;
				MACOSX_DEPLOYMENT_TARGET = 13.3;
				MTL_ENABLE_DEBUG_INFO = NO;
				MTL_FAST_MATH = YES;
				SDKROOT = macosx;
				SWIFT_COMPILATION_MODE = wholemodule;
				SWIFT_OPTIMIZATION_LEVEL = "-O";
			};
			name = Release;
		};
		F83420D22AB81F2E00808F88 /* Debug */ = {
			isa = XCBuildConfiguration;
			buildSettings = {
				ASSETCATALOG_COMPILER_APPICON_NAME = AppIcon;
				ASSETCATALOG_COMPILER_GLOBAL_ACCENT_COLOR_NAME = AccentColor;
				CODE_SIGN_ENTITLEMENTS = "Unity Meeting Log Generator/Unity_Meeting_Log_Generator.entitlements";
				CODE_SIGN_STYLE = Automatic;
				COMBINE_HIDPI_IMAGES = YES;
				CURRENT_PROJECT_VERSION = 1;
				DEVELOPMENT_ASSET_PATHS = "\"Unity Meeting Log Generator/Preview Content\"";
				DEVELOPMENT_TEAM = 5WEA7BFDY2;
				ENABLE_HARDENED_RUNTIME = YES;
				ENABLE_PREVIEWS = YES;
				GENERATE_INFOPLIST_FILE = YES;
				INFOPLIST_KEY_NSHumanReadableCopyright = "";
				LD_RUNPATH_SEARCH_PATHS = (
					"$(inherited)",
					"@executable_path/../Frameworks",
				);
				MARKETING_VERSION = 1.0;
				PRODUCT_BUNDLE_IDENTIFIER = "jemin.Unity-Meeting-Log-Generator";
				PRODUCT_NAME = "$(TARGET_NAME)";
				SWIFT_EMIT_LOC_STRINGS = YES;
				SWIFT_VERSION = 5.0;
			};
			name = Debug;
		};
		F83420D32AB81F2E00808F88 /* Release */ = {
			isa = XCBuildConfiguration;
			buildSettings = {
				ASSETCATALOG_COMPILER_APPICON_NAME = AppIcon;
				ASSETCATALOG_COMPILER_GLOBAL_ACCENT_COLOR_NAME = AccentColor;
				CODE_SIGN_ENTITLEMENTS = "Unity Meeting Log Generator/Unity_Meeting_Log_Generator.entitlements";
				CODE_SIGN_STYLE = Automatic;
				COMBINE_HIDPI_IMAGES = YES;
				CURRENT_PROJECT_VERSION = 1;
				DEVELOPMENT_ASSET_PATHS = "\"Unity Meeting Log Generator/Preview Content\"";
				DEVELOPMENT_TEAM = 5WEA7BFDY2;
				ENABLE_HARDENED_RUNTIME = YES;
				ENABLE_PREVIEWS = YES;
				GENERATE_INFOPLIST_FILE = YES;
				INFOPLIST_KEY_NSHumanReadableCopyright = "";
				LD_RUNPATH_SEARCH_PATHS = (
					"$(inherited)",
					"@executable_path/../Frameworks",
				);
				MARKETING_VERSION = 1.0;
				PRODUCT_BUNDLE_IDENTIFIER = "jemin.Unity-Meeting-Log-Generator";
				PRODUCT_NAME = "$(TARGET_NAME)";
				SWIFT_EMIT_LOC_STRINGS = YES;
				SWIFT_VERSION = 5.0;
			};
			name = Release;
		};
/* End XCBuildConfiguration section */

/* Begin XCConfigurationList section */
		F83420BD2AB81F2D00808F88 /* Build configuration list for PBXProject "Unity Meeting Log Generator" */ = {
			isa = XCConfigurationList;
			buildConfigurations = (
				F83420CF2AB81F2E00808F88 /* Debug */,
				F83420D02AB81F2E00808F88 /* Release */,
			);
			defaultConfigurationIsVisible = 0;
			defaultConfigurationName = Release;
		};
		F83420D12AB81F2E00808F88 /* Build configuration list for PBXNativeTarget "Unity Meeting Log Generator" */ = {
			isa = XCConfigurationList;
			buildConfigurations = (
				F83420D22AB81F2E00808F88 /* Debug */,
				F83420D32AB81F2E00808F88 /* Release */,
			);
			defaultConfigurationIsVisible = 0;
			defaultConfigurationName = Release;
		};
/* End XCConfigurationList section */
	};
	rootObject = F83420BA2AB81F2D00808F88 /* Project object */;
}
